Microsoft Visual Studio Solution File, Format Version 12.00
# Visual Studio Version 17
VisualStudioVersion = 17.5.2.0
MinimumVisualStudioVersion = 10.0.40219.1
Project("{FAE04EC0-301F-11D3-BF4B-00C04F79EFBC}") = "TryConsoleApp", "TryConsoleApp.csproj", "{2331995A-53C6-5EA6-3FE8-52614D7B81E3}"
EndProject
Global
	GlobalSection(SolutionConfigurationPlatforms) = preSolution
		Debug|Any CPU = Debug|Any CPU
		Release|Any CPU = Release|Any CPU
	EndGlobalSection
	GlobalSection(ProjectConfigurationPlatforms) = postSolution
		{2331995A-53C6-5EA6-3FE8-52614D7B81E3}.Debug|Any CPU.ActiveCfg = Debug|Any CPU
		{2331995A-53C6-5EA6-3FE8-52614D7B81E3}.Debug|Any CPU.Build.0 = Debug|Any CPU
		{2331995A-53C6-5EA6-3FE8-52614D7B81E3}.Release|Any CPU.ActiveCfg = Release|Any CPU
		{2331995A-53C6-5EA6-3FE8-52614D7B81E3}.Release|Any CPU.Build.0 = Release|Any CPU
	EndGlobalSection
	GlobalSection(SolutionProperties) = preSolution
		HideSolutionNode = FALSE
	EndGlobalSection
	GlobalSection(ExtensibilityGlobals) = postSolution
		SolutionGuid = {13E230F6-E9C0-4560-B55C-F6FB1CC1AB24}
	EndGlobalSection
EndGlobal
